// !$*UTF8*$!
{
	archiveVersion = 1;
	classes = {
	};
	objectVersion = 55;
	objects = {

/* Begin PBXBuildFile section */
		E002B8ED28A4435200FBCBDD /* LanguageModel.swift in Sources */ = {isa = PBXBuildFile; fileRef = E002B8EC28A4435200FBCBDD /* LanguageModel.swift */; };
		E002B91328A698CA00FBCBDD /* AnimationFlow.swift in Sources */ = {isa = PBXBuildFile; fileRef = E002B91228A698CA00FBCBDD /* AnimationFlow.swift */; };
		E002B91528A698FB00FBCBDD /* AnimationStep.swift in Sources */ = {isa = PBXBuildFile; fileRef = E002B91428A698FB00FBCBDD /* AnimationStep.swift */; };
		E002B91A28A6994C00FBCBDD /* AnimationViewModel.swift in Sources */ = {isa = PBXBuildFile; fileRef = E002B91928A6994C00FBCBDD /* AnimationViewModel.swift */; };
		E002B91D28A69A7200FBCBDD /* RxFlow in Frameworks */ = {isa = PBXBuildFile; productRef = E002B91C28A69A7200FBCBDD /* RxFlow */; };
		E002B92728A6D39800FBCBDD /* TranslateStep.swift in Sources */ = {isa = PBXBuildFile; fileRef = E002B92628A6D39800FBCBDD /* TranslateStep.swift */; };
		E002B92928A6D3D000FBCBDD /* TranslateFlow.swift in Sources */ = {isa = PBXBuildFile; fileRef = E002B92828A6D3D000FBCBDD /* TranslateFlow.swift */; };
		E002B92F28A6D45900FBCBDD /* DictionaryViewModel.swift in Sources */ = {isa = PBXBuildFile; fileRef = E002B92E28A6D45900FBCBDD /* DictionaryViewModel.swift */; };
		E002B93128A6D4EA00FBCBDD /* DictionaryStep.swift in Sources */ = {isa = PBXBuildFile; fileRef = E002B93028A6D4EA00FBCBDD /* DictionaryStep.swift */; };
		E002B93328A6D50B00FBCBDD /* DictionaryFlow.swift in Sources */ = {isa = PBXBuildFile; fileRef = E002B93228A6D50B00FBCBDD /* DictionaryFlow.swift */; };
		E002B93628A6D63100FBCBDD /* TrainingStep.swift in Sources */ = {isa = PBXBuildFile; fileRef = E002B93528A6D63100FBCBDD /* TrainingStep.swift */; };
		E002B93828A6D65100FBCBDD /* TrainingFlow.swift in Sources */ = {isa = PBXBuildFile; fileRef = E002B93728A6D65100FBCBDD /* TrainingFlow.swift */; };
		E002B93E28A6D69B00FBCBDD /* TrainingViewModel.swift in Sources */ = {isa = PBXBuildFile; fileRef = E002B93D28A6D69B00FBCBDD /* TrainingViewModel.swift */; };
		E002B94028A6D70300FBCBDD /* MainStep.swift in Sources */ = {isa = PBXBuildFile; fileRef = E002B93F28A6D70300FBCBDD /* MainStep.swift */; };
		E002B94428A6DD5800FBCBDD /* RxViewModelProtocol.swift in Sources */ = {isa = PBXBuildFile; fileRef = E002B94328A6DD5800FBCBDD /* RxViewModelProtocol.swift */; };
		E002B94628A6E00900FBCBDD /* RXViewController.swift in Sources */ = {isa = PBXBuildFile; fileRef = E002B94528A6E00900FBCBDD /* RXViewController.swift */; };
		E002B94A28A6F2A300FBCBDD /*  UINavigationItem+Ext.swift in Sources */ = {isa = PBXBuildFile; fileRef = E002B94928A6F2A300FBCBDD /*  UINavigationItem+Ext.swift */; };
		E00DE06828A2EF5400C3608C /* Language.swift in Sources */ = {isa = PBXBuildFile; fileRef = E00DE06728A2EF5400C3608C /* Language.swift */; };
		E00DE06B28A2EFCB00C3608C /* LanguageMapper.swift in Sources */ = {isa = PBXBuildFile; fileRef = E00DE06A28A2EFCB00C3608C /* LanguageMapper.swift */; };
		E00DE06F28A2F0B200C3608C /* TranslationStorageModel.swift in Sources */ = {isa = PBXBuildFile; fileRef = E00DE06E28A2F0B200C3608C /* TranslationStorageModel.swift */; };
		E00DE07228A2F15900C3608C /* TranslationMapper.swift in Sources */ = {isa = PBXBuildFile; fileRef = E00DE07128A2F15900C3608C /* TranslationMapper.swift */; };
		E00DE07428A2F21500C3608C /* LanguagesRepository.swift in Sources */ = {isa = PBXBuildFile; fileRef = E00DE07328A2F21500C3608C /* LanguagesRepository.swift */; };
		E00DE07828A2F50500C3608C /* TranslationRepository.swift in Sources */ = {isa = PBXBuildFile; fileRef = E00DE07728A2F50500C3608C /* TranslationRepository.swift */; };
		E00DE07B28A2FFCC00C3608C /* DictionaryUseCase.swift in Sources */ = {isa = PBXBuildFile; fileRef = E00DE07A28A2FFCC00C3608C /* DictionaryUseCase.swift */; };
		E00DE07E28A302B300C3608C /* LanguageUseCase.swift in Sources */ = {isa = PBXBuildFile; fileRef = E00DE07D28A302B300C3608C /* LanguageUseCase.swift */; };
		E0EAEA03289C4E5600F8D918 /* TRError.swift in Sources */ = {isa = PBXBuildFile; fileRef = E0EAEA02289C4E5600F8D918 /* TRError.swift */; };
		E0EAEA05289C4E9F00F8D918 /* GenericNetworkingError.swift in Sources */ = {isa = PBXBuildFile; fileRef = E0EAEA04289C4E9F00F8D918 /* GenericNetworkingError.swift */; };
		E0EAEA08289C56AE00F8D918 /* AFErrorMapper.swift in Sources */ = {isa = PBXBuildFile; fileRef = E0EAEA07289C56AE00F8D918 /* AFErrorMapper.swift */; };
		E0EAEA0C289D91BA00F8D918 /* TranslateResponse.swift in Sources */ = {isa = PBXBuildFile; fileRef = E0EAEA0B289D91BA00F8D918 /* TranslateResponse.swift */; };
		E0EAEA0E289D91EE00F8D918 /* TranslateParams.swift in Sources */ = {isa = PBXBuildFile; fileRef = E0EAEA0D289D91EE00F8D918 /* TranslateParams.swift */; };
		E0EAEA10289D92C500F8D918 /* TranslateApi.swift in Sources */ = {isa = PBXBuildFile; fileRef = E0EAEA0F289D92C500F8D918 /* TranslateApi.swift */; };
		E0EAEA1A289D93CB00F8D918 /* WebUrlPath.swift in Sources */ = {isa = PBXBuildFile; fileRef = E0EAEA19289D93CB00F8D918 /* WebUrlPath.swift */; };
		E0EAEA1C289D9BFF00F8D918 /* AFTranslateApi.swift in Sources */ = {isa = PBXBuildFile; fileRef = E0EAEA1B289D9BFF00F8D918 /* AFTranslateApi.swift */; };
		E0EAEA21289DA28100F8D918 /* TranslaterUseCase.swift in Sources */ = {isa = PBXBuildFile; fileRef = E0EAEA20289DA28100F8D918 /* TranslaterUseCase.swift */; };
		E0EAEA25289DA2AB00F8D918 /* TranslationModel.swift in Sources */ = {isa = PBXBuildFile; fileRef = E0EAEA24289DA2AB00F8D918 /* TranslationModel.swift */; };
		E0EAEA27289DA34300F8D918 /* TranslateMapper.swift in Sources */ = {isa = PBXBuildFile; fileRef = E0EAEA26289DA34300F8D918 /* TranslateMapper.swift */; };
		E0EAEA30289DAD7D00F8D918 /* MainFlow+DI.swift in Sources */ = {isa = PBXBuildFile; fileRef = E0EAEA2F289DAD7D00F8D918 /* MainFlow+DI.swift */; };
		E0EAEA33289DAD9D00F8D918 /* MainFlow.swift in Sources */ = {isa = PBXBuildFile; fileRef = E0EAEA32289DAD9D00F8D918 /* MainFlow.swift */; };
		E0EAEA3928A1A54B00F8D918 /* StorageKeys.swift in Sources */ = {isa = PBXBuildFile; fileRef = E0EAEA3828A1A54B00F8D918 /* StorageKeys.swift */; };
		E0EAEA3B28A1A5B200F8D918 /* Mapper.swift in Sources */ = {isa = PBXBuildFile; fileRef = E0EAEA3A28A1A5B200F8D918 /* Mapper.swift */; };
		E0EAEA3E28A1A63600F8D918 /* UserDefaultsWrapper.swift in Sources */ = {isa = PBXBuildFile; fileRef = E0EAEA3D28A1A63600F8D918 /* UserDefaultsWrapper.swift */; };
		E0EAEA4128A1A67800F8D918 /* JSONSerialiser.swift in Sources */ = {isa = PBXBuildFile; fileRef = E0EAEA4028A1A67800F8D918 /* JSONSerialiser.swift */; };
		E0EAEA4428A1A73B00F8D918 /* StorageController.swift in Sources */ = {isa = PBXBuildFile; fileRef = E0EAEA4328A1A73B00F8D918 /* StorageController.swift */; };
		E0EAEA4B28A1B14100F8D918 /* DataStorage.swift in Sources */ = {isa = PBXBuildFile; fileRef = E0EAEA4A28A1B14100F8D918 /* DataStorage.swift */; };
		E0EAEA4D28A1B6B100F8D918 /* FileDataStorage.swift in Sources */ = {isa = PBXBuildFile; fileRef = E0EAEA4C28A1B6B100F8D918 /* FileDataStorage.swift */; };
		E0EAEA5028A1B72A00F8D918 /* LanguageStorageModel.swift in Sources */ = {isa = PBXBuildFile; fileRef = E0EAEA4F28A1B72A00F8D918 /* LanguageStorageModel.swift */; };
		E0EAEA5228A1B87800F8D918 /* ObjectBasedAdapter.swift in Sources */ = {isa = PBXBuildFile; fileRef = E0EAEA5128A1B87800F8D918 /* ObjectBasedAdapter.swift */; };
		E0EAEA5428A1BC0F00F8D918 /* FileObjectBasedAdapter.swift in Sources */ = {isa = PBXBuildFile; fileRef = E0EAEA5328A1BC0F00F8D918 /* FileObjectBasedAdapter.swift */; };
		E18A82552893F86100D2B0BB /* AppDelegate.swift in Sources */ = {isa = PBXBuildFile; fileRef = E18A82542893F86100D2B0BB /* AppDelegate.swift */; };
		E18A82572893F86100D2B0BB /* SceneDelegate.swift in Sources */ = {isa = PBXBuildFile; fileRef = E18A82562893F86100D2B0BB /* SceneDelegate.swift */; };
		E18A82592893F86100D2B0BB /* AnimationViewController.swift in Sources */ = {isa = PBXBuildFile; fileRef = E18A82582893F86100D2B0BB /* AnimationViewController.swift */; };
		E18A825C2893F86100D2B0BB /* Main.storyboard in Resources */ = {isa = PBXBuildFile; fileRef = E18A825A2893F86100D2B0BB /* Main.storyboard */; };
		E18A825E2893F86400D2B0BB /* Assets.xcassets in Resources */ = {isa = PBXBuildFile; fileRef = E18A825D2893F86400D2B0BB /* Assets.xcassets */; };
		E18A82612893F86400D2B0BB /* LaunchScreen.storyboard in Resources */ = {isa = PBXBuildFile; fileRef = E18A825F2893F86400D2B0BB /* LaunchScreen.storyboard */; };
		E18A82692893F9BD00D2B0BB /* MainTabBarViewController.swift in Sources */ = {isa = PBXBuildFile; fileRef = E18A82682893F9BD00D2B0BB /* MainTabBarViewController.swift */; };
		F44FFB5928AC5C5900200E63 /* Differentiator in Frameworks */ = {isa = PBXBuildFile; productRef = F44FFB5828AC5C5900200E63 /* Differentiator */; };
		F44FFB5B28AC5C5900200E63 /* RxDataSources in Frameworks */ = {isa = PBXBuildFile; productRef = F44FFB5A28AC5C5900200E63 /* RxDataSources */; };
		F49F2FD928A8FD0A00F2D6FC /* DictionaryTableViewCell.swift in Sources */ = {isa = PBXBuildFile; fileRef = F49F2FD828A8FD0A00F2D6FC /* DictionaryTableViewCell.swift */; };
		F4A5B37428A1A20D00D0293E /* CustomTextView.swift in Sources */ = {isa = PBXBuildFile; fileRef = F4A5B37328A1A20D00D0293E /* CustomTextView.swift */; };
		F4A5B37628A58C9300D0293E /* YandexService-Info.plist in Resources */ = {isa = PBXBuildFile; fileRef = F4A5B37528A58C9300D0293E /* YandexService-Info.plist */; };
		F4A5B37828A5A08100D0293E /* Locale+Ext.swift in Sources */ = {isa = PBXBuildFile; fileRef = F4A5B37728A5A08100D0293E /* Locale+Ext.swift */; };
		F4D62A1E289710C90000B690 /* ColorScheme.swift in Sources */ = {isa = PBXBuildFile; fileRef = F4D62A1D289710C90000B690 /* ColorScheme.swift */; };
		F4D62A232897199D0000B690 /* TranslateViewController.swift in Sources */ = {isa = PBXBuildFile; fileRef = F4D62A222897199D0000B690 /* TranslateViewController.swift */; };
		F4D62A25289719D10000B690 /* DictionaryViewController.swift in Sources */ = {isa = PBXBuildFile; fileRef = F4D62A24289719D10000B690 /* DictionaryViewController.swift */; };
		F4D62A27289719F50000B690 /* TrainingViewController.swift in Sources */ = {isa = PBXBuildFile; fileRef = F4D62A26289719F50000B690 /* TrainingViewController.swift */; };
		F4D62A2C2897210D0000B690 /* Localizable.strings in Resources */ = {isa = PBXBuildFile; fileRef = F4D62A2E2897210D0000B690 /* Localizable.strings */; };
		F4D82C5A289998D700FFFFA7 /* String+Ext.swift in Sources */ = {isa = PBXBuildFile; fileRef = F4D82C59289998D700FFFFA7 /* String+Ext.swift */; };
		F4D82C5C2899A4BE00FFFFA7 /* TranslateViewModel.swift in Sources */ = {isa = PBXBuildFile; fileRef = F4D82C5B2899A4BE00FFFFA7 /* TranslateViewModel.swift */; };
		F4D82C602899B1D400FFFFA7 /* UIViewController+Ext.swift in Sources */ = {isa = PBXBuildFile; fileRef = F4D82C5F2899B1D400FFFFA7 /* UIViewController+Ext.swift */; };
		F4D82C6E289D9D5900FFFFA7 /* SelectLanguageViewController.swift in Sources */ = {isa = PBXBuildFile; fileRef = F4D82C6D289D9D5800FFFFA7 /* SelectLanguageViewController.swift */; };
		F4D82C70289D9EC700FFFFA7 /* Reusable.swift in Sources */ = {isa = PBXBuildFile; fileRef = F4D82C6F289D9EC700FFFFA7 /* Reusable.swift */; };
		F4D82C72289DA31700FFFFA7 /* SelectLanguageCell.swift in Sources */ = {isa = PBXBuildFile; fileRef = F4D82C71289DA31700FFFFA7 /* SelectLanguageCell.swift */; };
		F4D82C75289DA45600FFFFA7 /* SelectLanguageCellModel.swift in Sources */ = {isa = PBXBuildFile; fileRef = F4D82C74289DA45600FFFFA7 /* SelectLanguageCellModel.swift */; };
		F4D82C79289DA90900FFFFA7 /* SelectLanguageViewModel.swift in Sources */ = {isa = PBXBuildFile; fileRef = F4D82C78289DA90900FFFFA7 /* SelectLanguageViewModel.swift */; };
		F4D82C7B289DB64400FFFFA7 /* languages.json in Resources */ = {isa = PBXBuildFile; fileRef = F4D82C7A289DB64400FFFFA7 /* languages.json */; };
		F4E6040D28B023DA002A4FE8 /* TranslationSectionModel.swift in Sources */ = {isa = PBXBuildFile; fileRef = F4E6040C28B023DA002A4FE8 /* TranslationSectionModel.swift */; };
		F4F3124628A6DDEC00FE1F20 /* CustomActionsView.swift in Sources */ = {isa = PBXBuildFile; fileRef = F4F3124528A6DDEC00FE1F20 /* CustomActionsView.swift */; };
		F4FE6CAA28A07B6D005D6DDF /* Alamofire in Frameworks */ = {isa = PBXBuildFile; productRef = F4FE6CA928A07B6D005D6DDF /* Alamofire */; };
		F4FE6CAD28A07B8B005D6DDF /* RxCocoa in Frameworks */ = {isa = PBXBuildFile; productRef = F4FE6CAC28A07B8B005D6DDF /* RxCocoa */; };
		F4FE6CAF28A07B8B005D6DDF /* RxSwift in Frameworks */ = {isa = PBXBuildFile; productRef = F4FE6CAE28A07B8B005D6DDF /* RxSwift */; };
		F4FE6CB228A07BB7005D6DDF /* PinLayout in Frameworks */ = {isa = PBXBuildFile; productRef = F4FE6CB128A07BB7005D6DDF /* PinLayout */; };
		F4FE6CB528A07BDB005D6DDF /* Lottie in Frameworks */ = {isa = PBXBuildFile; productRef = F4FE6CB428A07BDB005D6DDF /* Lottie */; };
		F4FE6CB828A07C05005D6DDF /* Swinject in Frameworks */ = {isa = PBXBuildFile; productRef = F4FE6CB728A07C05005D6DDF /* Swinject */; };
/* End PBXBuildFile section */

/* Begin PBXFileReference section */
		E002B8EC28A4435200FBCBDD /* LanguageModel.swift */ = {isa = PBXFileReference; fileEncoding = 4; lastKnownFileType = sourcecode.swift; path = LanguageModel.swift; sourceTree = "<group>"; };
		E002B91228A698CA00FBCBDD /* AnimationFlow.swift */ = {isa = PBXFileReference; lastKnownFileType = sourcecode.swift; path = AnimationFlow.swift; sourceTree = "<group>"; };
		E002B91428A698FB00FBCBDD /* AnimationStep.swift */ = {isa = PBXFileReference; lastKnownFileType = sourcecode.swift; path = AnimationStep.swift; sourceTree = "<group>"; };
		E002B91928A6994C00FBCBDD /* AnimationViewModel.swift */ = {isa = PBXFileReference; lastKnownFileType = sourcecode.swift; path = AnimationViewModel.swift; sourceTree = "<group>"; };
		E002B92628A6D39800FBCBDD /* TranslateStep.swift */ = {isa = PBXFileReference; lastKnownFileType = sourcecode.swift; path = TranslateStep.swift; sourceTree = "<group>"; };
		E002B92828A6D3D000FBCBDD /* TranslateFlow.swift */ = {isa = PBXFileReference; lastKnownFileType = sourcecode.swift; path = TranslateFlow.swift; sourceTree = "<group>"; };
		E002B92E28A6D45900FBCBDD /* DictionaryViewModel.swift */ = {isa = PBXFileReference; lastKnownFileType = sourcecode.swift; path = DictionaryViewModel.swift; sourceTree = "<group>"; };
		E002B93028A6D4EA00FBCBDD /* DictionaryStep.swift */ = {isa = PBXFileReference; lastKnownFileType = sourcecode.swift; path = DictionaryStep.swift; sourceTree = "<group>"; };
		E002B93228A6D50B00FBCBDD /* DictionaryFlow.swift */ = {isa = PBXFileReference; lastKnownFileType = sourcecode.swift; path = DictionaryFlow.swift; sourceTree = "<group>"; };
		E002B93528A6D63100FBCBDD /* TrainingStep.swift */ = {isa = PBXFileReference; lastKnownFileType = sourcecode.swift; path = TrainingStep.swift; sourceTree = "<group>"; };
		E002B93728A6D65100FBCBDD /* TrainingFlow.swift */ = {isa = PBXFileReference; lastKnownFileType = sourcecode.swift; path = TrainingFlow.swift; sourceTree = "<group>"; };
		E002B93D28A6D69B00FBCBDD /* TrainingViewModel.swift */ = {isa = PBXFileReference; lastKnownFileType = sourcecode.swift; path = TrainingViewModel.swift; sourceTree = "<group>"; };
		E002B93F28A6D70300FBCBDD /* MainStep.swift */ = {isa = PBXFileReference; lastKnownFileType = sourcecode.swift; path = MainStep.swift; sourceTree = "<group>"; };
		E002B94328A6DD5800FBCBDD /* RxViewModelProtocol.swift */ = {isa = PBXFileReference; lastKnownFileType = sourcecode.swift; path = RxViewModelProtocol.swift; sourceTree = "<group>"; };
		E002B94528A6E00900FBCBDD /* RXViewController.swift */ = {isa = PBXFileReference; lastKnownFileType = sourcecode.swift; path = RXViewController.swift; sourceTree = "<group>"; };
		E002B94928A6F2A300FBCBDD /*  UINavigationItem+Ext.swift */ = {isa = PBXFileReference; lastKnownFileType = sourcecode.swift; path = " UINavigationItem+Ext.swift"; sourceTree = "<group>"; };
		E00DE06728A2EF5400C3608C /* Language.swift */ = {isa = PBXFileReference; lastKnownFileType = sourcecode.swift; path = Language.swift; sourceTree = "<group>"; };
		E00DE06A28A2EFCB00C3608C /* LanguageMapper.swift */ = {isa = PBXFileReference; lastKnownFileType = sourcecode.swift; path = LanguageMapper.swift; sourceTree = "<group>"; };
		E00DE06E28A2F0B200C3608C /* TranslationStorageModel.swift */ = {isa = PBXFileReference; lastKnownFileType = sourcecode.swift; path = TranslationStorageModel.swift; sourceTree = "<group>"; };
		E00DE07128A2F15900C3608C /* TranslationMapper.swift */ = {isa = PBXFileReference; lastKnownFileType = sourcecode.swift; path = TranslationMapper.swift; sourceTree = "<group>"; };
		E00DE07328A2F21500C3608C /* LanguagesRepository.swift */ = {isa = PBXFileReference; lastKnownFileType = sourcecode.swift; path = LanguagesRepository.swift; sourceTree = "<group>"; };
		E00DE07728A2F50500C3608C /* TranslationRepository.swift */ = {isa = PBXFileReference; lastKnownFileType = sourcecode.swift; path = TranslationRepository.swift; sourceTree = "<group>"; };
		E00DE07A28A2FFCC00C3608C /* DictionaryUseCase.swift */ = {isa = PBXFileReference; lastKnownFileType = sourcecode.swift; path = DictionaryUseCase.swift; sourceTree = "<group>"; };
		E00DE07D28A302B300C3608C /* LanguageUseCase.swift */ = {isa = PBXFileReference; lastKnownFileType = sourcecode.swift; path = LanguageUseCase.swift; sourceTree = "<group>"; };
		E0EAEA02289C4E5600F8D918 /* TRError.swift */ = {isa = PBXFileReference; lastKnownFileType = sourcecode.swift; path = TRError.swift; sourceTree = "<group>"; };
		E0EAEA04289C4E9F00F8D918 /* GenericNetworkingError.swift */ = {isa = PBXFileReference; lastKnownFileType = sourcecode.swift; path = GenericNetworkingError.swift; sourceTree = "<group>"; };
		E0EAEA07289C56AE00F8D918 /* AFErrorMapper.swift */ = {isa = PBXFileReference; lastKnownFileType = sourcecode.swift; path = AFErrorMapper.swift; sourceTree = "<group>"; };
		E0EAEA0B289D91BA00F8D918 /* TranslateResponse.swift */ = {isa = PBXFileReference; lastKnownFileType = sourcecode.swift; path = TranslateResponse.swift; sourceTree = "<group>"; };
		E0EAEA0D289D91EE00F8D918 /* TranslateParams.swift */ = {isa = PBXFileReference; lastKnownFileType = sourcecode.swift; path = TranslateParams.swift; sourceTree = "<group>"; };
		E0EAEA0F289D92C500F8D918 /* TranslateApi.swift */ = {isa = PBXFileReference; lastKnownFileType = sourcecode.swift; path = TranslateApi.swift; sourceTree = "<group>"; };
		E0EAEA19289D93CB00F8D918 /* WebUrlPath.swift */ = {isa = PBXFileReference; lastKnownFileType = sourcecode.swift; path = WebUrlPath.swift; sourceTree = "<group>"; };
		E0EAEA1B289D9BFF00F8D918 /* AFTranslateApi.swift */ = {isa = PBXFileReference; lastKnownFileType = sourcecode.swift; path = AFTranslateApi.swift; sourceTree = "<group>"; };
		E0EAEA20289DA28100F8D918 /* TranslaterUseCase.swift */ = {isa = PBXFileReference; lastKnownFileType = sourcecode.swift; path = TranslaterUseCase.swift; sourceTree = "<group>"; };
		E0EAEA24289DA2AB00F8D918 /* TranslationModel.swift */ = {isa = PBXFileReference; lastKnownFileType = sourcecode.swift; path = TranslationModel.swift; sourceTree = "<group>"; };
		E0EAEA26289DA34300F8D918 /* TranslateMapper.swift */ = {isa = PBXFileReference; lastKnownFileType = sourcecode.swift; path = TranslateMapper.swift; sourceTree = "<group>"; };
		E0EAEA2F289DAD7D00F8D918 /* MainFlow+DI.swift */ = {isa = PBXFileReference; lastKnownFileType = sourcecode.swift; path = "MainFlow+DI.swift"; sourceTree = "<group>"; };
		E0EAEA32289DAD9D00F8D918 /* MainFlow.swift */ = {isa = PBXFileReference; lastKnownFileType = sourcecode.swift; path = MainFlow.swift; sourceTree = "<group>"; };
		E0EAEA3828A1A54B00F8D918 /* StorageKeys.swift */ = {isa = PBXFileReference; lastKnownFileType = sourcecode.swift; path = StorageKeys.swift; sourceTree = "<group>"; };
		E0EAEA3A28A1A5B200F8D918 /* Mapper.swift */ = {isa = PBXFileReference; lastKnownFileType = sourcecode.swift; path = Mapper.swift; sourceTree = "<group>"; };
		E0EAEA3D28A1A63600F8D918 /* UserDefaultsWrapper.swift */ = {isa = PBXFileReference; lastKnownFileType = sourcecode.swift; path = UserDefaultsWrapper.swift; sourceTree = "<group>"; };
		E0EAEA4028A1A67800F8D918 /* JSONSerialiser.swift */ = {isa = PBXFileReference; lastKnownFileType = sourcecode.swift; path = JSONSerialiser.swift; sourceTree = "<group>"; };
		E0EAEA4328A1A73B00F8D918 /* StorageController.swift */ = {isa = PBXFileReference; lastKnownFileType = sourcecode.swift; path = StorageController.swift; sourceTree = "<group>"; };
		E0EAEA4A28A1B14100F8D918 /* DataStorage.swift */ = {isa = PBXFileReference; lastKnownFileType = sourcecode.swift; path = DataStorage.swift; sourceTree = "<group>"; };
		E0EAEA4C28A1B6B100F8D918 /* FileDataStorage.swift */ = {isa = PBXFileReference; lastKnownFileType = sourcecode.swift; path = FileDataStorage.swift; sourceTree = "<group>"; };
		E0EAEA4F28A1B72A00F8D918 /* LanguageStorageModel.swift */ = {isa = PBXFileReference; lastKnownFileType = sourcecode.swift; path = LanguageStorageModel.swift; sourceTree = "<group>"; };
		E0EAEA5128A1B87800F8D918 /* ObjectBasedAdapter.swift */ = {isa = PBXFileReference; lastKnownFileType = sourcecode.swift; path = ObjectBasedAdapter.swift; sourceTree = "<group>"; };
		E0EAEA5328A1BC0F00F8D918 /* FileObjectBasedAdapter.swift */ = {isa = PBXFileReference; lastKnownFileType = sourcecode.swift; path = FileObjectBasedAdapter.swift; sourceTree = "<group>"; };
		E18A82512893F86000D2B0BB /* geekbrains-Nagibator3000.app */ = {isa = PBXFileReference; explicitFileType = wrapper.application; includeInIndex = 0; path = "geekbrains-Nagibator3000.app"; sourceTree = BUILT_PRODUCTS_DIR; };
		E18A82542893F86100D2B0BB /* AppDelegate.swift */ = {isa = PBXFileReference; lastKnownFileType = sourcecode.swift; path = AppDelegate.swift; sourceTree = "<group>"; };
		E18A82562893F86100D2B0BB /* SceneDelegate.swift */ = {isa = PBXFileReference; lastKnownFileType = sourcecode.swift; path = SceneDelegate.swift; sourceTree = "<group>"; };
		E18A82582893F86100D2B0BB /* AnimationViewController.swift */ = {isa = PBXFileReference; lastKnownFileType = sourcecode.swift; path = AnimationViewController.swift; sourceTree = "<group>"; };
		E18A825B2893F86100D2B0BB /* Base */ = {isa = PBXFileReference; lastKnownFileType = file.storyboard; name = Base; path = Base.lproj/Main.storyboard; sourceTree = "<group>"; };
		E18A825D2893F86400D2B0BB /* Assets.xcassets */ = {isa = PBXFileReference; lastKnownFileType = folder.assetcatalog; path = Assets.xcassets; sourceTree = "<group>"; };
		E18A82602893F86400D2B0BB /* Base */ = {isa = PBXFileReference; lastKnownFileType = file.storyboard; name = Base; path = Base.lproj/LaunchScreen.storyboard; sourceTree = "<group>"; };
		E18A82622893F86400D2B0BB /* Info.plist */ = {isa = PBXFileReference; lastKnownFileType = text.plist.xml; path = Info.plist; sourceTree = "<group>"; };
		E18A82682893F9BD00D2B0BB /* MainTabBarViewController.swift */ = {isa = PBXFileReference; lastKnownFileType = sourcecode.swift; path = MainTabBarViewController.swift; sourceTree = "<group>"; };
		F49F2FD828A8FD0A00F2D6FC /* DictionaryTableViewCell.swift */ = {isa = PBXFileReference; lastKnownFileType = sourcecode.swift; path = DictionaryTableViewCell.swift; sourceTree = "<group>"; };
		F4A5B37328A1A20D00D0293E /* CustomTextView.swift */ = {isa = PBXFileReference; lastKnownFileType = sourcecode.swift; path = CustomTextView.swift; sourceTree = "<group>"; };
		F4A5B37528A58C9300D0293E /* YandexService-Info.plist */ = {isa = PBXFileReference; lastKnownFileType = text.plist.xml; path = "YandexService-Info.plist"; sourceTree = "<group>"; };
		F4A5B37728A5A08100D0293E /* Locale+Ext.swift */ = {isa = PBXFileReference; lastKnownFileType = sourcecode.swift; path = "Locale+Ext.swift"; sourceTree = "<group>"; };
		F4D62A1D289710C90000B690 /* ColorScheme.swift */ = {isa = PBXFileReference; lastKnownFileType = sourcecode.swift; path = ColorScheme.swift; sourceTree = "<group>"; };
		F4D62A222897199D0000B690 /* TranslateViewController.swift */ = {isa = PBXFileReference; lastKnownFileType = sourcecode.swift; path = TranslateViewController.swift; sourceTree = "<group>"; };
		F4D62A24289719D10000B690 /* DictionaryViewController.swift */ = {isa = PBXFileReference; lastKnownFileType = sourcecode.swift; path = DictionaryViewController.swift; sourceTree = "<group>"; };
		F4D62A26289719F50000B690 /* TrainingViewController.swift */ = {isa = PBXFileReference; lastKnownFileType = sourcecode.swift; path = TrainingViewController.swift; sourceTree = "<group>"; };
		F4D62A2D2897210D0000B690 /* en */ = {isa = PBXFileReference; fileEncoding = 4; lastKnownFileType = text.plist.strings; name = en; path = en.lproj/Localizable.strings; sourceTree = "<group>"; };
		F4D62A2F289721270000B690 /* ru */ = {isa = PBXFileReference; fileEncoding = 4; lastKnownFileType = text.plist.strings; name = ru; path = ru.lproj/Localizable.strings; sourceTree = "<group>"; };
		F4D82C59289998D700FFFFA7 /* String+Ext.swift */ = {isa = PBXFileReference; lastKnownFileType = sourcecode.swift; path = "String+Ext.swift"; sourceTree = "<group>"; };
		F4D82C5B2899A4BE00FFFFA7 /* TranslateViewModel.swift */ = {isa = PBXFileReference; lastKnownFileType = sourcecode.swift; path = TranslateViewModel.swift; sourceTree = "<group>"; };
		F4D82C5F2899B1D400FFFFA7 /* UIViewController+Ext.swift */ = {isa = PBXFileReference; lastKnownFileType = sourcecode.swift; path = "UIViewController+Ext.swift"; sourceTree = "<group>"; };
		F4D82C6D289D9D5800FFFFA7 /* SelectLanguageViewController.swift */ = {isa = PBXFileReference; lastKnownFileType = sourcecode.swift; path = SelectLanguageViewController.swift; sourceTree = "<group>"; };
		F4D82C6F289D9EC700FFFFA7 /* Reusable.swift */ = {isa = PBXFileReference; lastKnownFileType = sourcecode.swift; path = Reusable.swift; sourceTree = "<group>"; };
		F4D82C71289DA31700FFFFA7 /* SelectLanguageCell.swift */ = {isa = PBXFileReference; lastKnownFileType = sourcecode.swift; path = SelectLanguageCell.swift; sourceTree = "<group>"; };
		F4D82C74289DA45600FFFFA7 /* SelectLanguageCellModel.swift */ = {isa = PBXFileReference; lastKnownFileType = sourcecode.swift; path = SelectLanguageCellModel.swift; sourceTree = "<group>"; };
		F4D82C78289DA90900FFFFA7 /* SelectLanguageViewModel.swift */ = {isa = PBXFileReference; lastKnownFileType = sourcecode.swift; path = SelectLanguageViewModel.swift; sourceTree = "<group>"; };
		F4D82C7A289DB64400FFFFA7 /* languages.json */ = {isa = PBXFileReference; lastKnownFileType = text.json; path = languages.json; sourceTree = "<group>"; };
		F4E6040C28B023DA002A4FE8 /* TranslationSectionModel.swift */ = {isa = PBXFileReference; lastKnownFileType = sourcecode.swift; path = TranslationSectionModel.swift; sourceTree = "<group>"; };
		F4F3124528A6DDEC00FE1F20 /* CustomActionsView.swift */ = {isa = PBXFileReference; lastKnownFileType = sourcecode.swift; path = CustomActionsView.swift; sourceTree = "<group>"; };
/* End PBXFileReference section */

/* Begin PBXFrameworksBuildPhase section */
		E18A824E2893F86000D2B0BB /* Frameworks */ = {
			isa = PBXFrameworksBuildPhase;
			buildActionMask = 2147483647;
			files = (
				F4FE6CB528A07BDB005D6DDF /* Lottie in Frameworks */,
				E002B91D28A69A7200FBCBDD /* RxFlow in Frameworks */,
				F4FE6CAF28A07B8B005D6DDF /* RxSwift in Frameworks */,
				F4FE6CAD28A07B8B005D6DDF /* RxCocoa in Frameworks */,
				F44FFB5928AC5C5900200E63 /* Differentiator in Frameworks */,
				F4FE6CB228A07BB7005D6DDF /* PinLayout in Frameworks */,
				F44FFB5B28AC5C5900200E63 /* RxDataSources in Frameworks */,
				F4FE6CAA28A07B6D005D6DDF /* Alamofire in Frameworks */,
				F4FE6CB828A07C05005D6DDF /* Swinject in Frameworks */,
			);
			runOnlyForDeploymentPostprocessing = 0;
		};
/* End PBXFrameworksBuildPhase section */

/* Begin PBXGroup section */
		E002B8EB28A4435200FBCBDD /* Entity */ = {
			isa = PBXGroup;
			children = (
				E002B8EC28A4435200FBCBDD /* LanguageModel.swift */,
			);
			path = Entity;
			sourceTree = "<group>";
		};
		E002B91128A698A100FBCBDD /* Navigation */ = {
			isa = PBXGroup;
			children = (
				E002B91228A698CA00FBCBDD /* AnimationFlow.swift */,
				E002B91428A698FB00FBCBDD /* AnimationStep.swift */,
			);
			path = Navigation;
			sourceTree = "<group>";
		};
		E002B91628A6992100FBCBDD /* Screens */ = {
			isa = PBXGroup;
			children = (
				E002B91828A6993800FBCBDD /* ViewModel */,
				E002B91728A6992C00FBCBDD /* Views */,
			);
			path = Screens;
			sourceTree = "<group>";
		};
		E002B91728A6992C00FBCBDD /* Views */ = {
			isa = PBXGroup;
			children = (
				E18A82582893F86100D2B0BB /* AnimationViewController.swift */,
			);
			path = Views;
			sourceTree = "<group>";
		};
		E002B91828A6993800FBCBDD /* ViewModel */ = {
			isa = PBXGroup;
			children = (
				E002B91928A6994C00FBCBDD /* AnimationViewModel.swift */,
			);
			path = ViewModel;
			sourceTree = "<group>";
		};
		E002B91E28A6D30E00FBCBDD /* Navigation */ = {
			isa = PBXGroup;
			children = (
				E002B92628A6D39800FBCBDD /* TranslateStep.swift */,
				E002B92828A6D3D000FBCBDD /* TranslateFlow.swift */,
			);
			path = Navigation;
			sourceTree = "<group>";
		};
		E002B92028A6D33D00FBCBDD /* Screens */ = {
			isa = PBXGroup;
			children = (
				E002B92228A6D34E00FBCBDD /* Translate */,
				F4D82C6C289D9A4400FFFFA7 /* SelectLanguage */,
			);
			path = Screens;
			sourceTree = "<group>";
		};
		E002B92228A6D34E00FBCBDD /* Translate */ = {
			isa = PBXGroup;
			children = (
				E002B92428A6D36100FBCBDD /* ViewModel */,
				E002B92328A6D35900FBCBDD /* Views */,
			);
			path = Translate;
			sourceTree = "<group>";
		};
		E002B92328A6D35900FBCBDD /* Views */ = {
			isa = PBXGroup;
			children = (
				F4D62A222897199D0000B690 /* TranslateViewController.swift */,
			);
			path = Views;
			sourceTree = "<group>";
		};
		E002B92428A6D36100FBCBDD /* ViewModel */ = {
			isa = PBXGroup;
			children = (
				F4D82C5B2899A4BE00FFFFA7 /* TranslateViewModel.swift */,
				F4E6040C28B023DA002A4FE8 /* TranslationSectionModel.swift */,
			);
			path = ViewModel;
			sourceTree = "<group>";
		};
		E002B92A28A6D41E00FBCBDD /* Screens */ = {
			isa = PBXGroup;
			children = (
				E002B92D28A6D43800FBCBDD /* ViewModel */,
				E002B92C28A6D43100FBCBDD /* Views */,
			);
			path = Screens;
			sourceTree = "<group>";
		};
		E002B92B28A6D42600FBCBDD /* Navigation */ = {
			isa = PBXGroup;
			children = (
				E002B93028A6D4EA00FBCBDD /* DictionaryStep.swift */,
				E002B93228A6D50B00FBCBDD /* DictionaryFlow.swift */,
			);
			path = Navigation;
			sourceTree = "<group>";
		};
		E002B92C28A6D43100FBCBDD /* Views */ = {
			isa = PBXGroup;
			children = (
				F4D62A24289719D10000B690 /* DictionaryViewController.swift */,
				F49F2FD828A8FD0A00F2D6FC /* DictionaryTableViewCell.swift */,
			);
			path = Views;
			sourceTree = "<group>";
		};
		E002B92D28A6D43800FBCBDD /* ViewModel */ = {
			isa = PBXGroup;
			children = (
				E002B92E28A6D45900FBCBDD /* DictionaryViewModel.swift */,
			);
			path = ViewModel;
			sourceTree = "<group>";
		};
		E002B93428A6D5DE00FBCBDD /* Navigation */ = {
			isa = PBXGroup;
			children = (
				E002B93528A6D63100FBCBDD /* TrainingStep.swift */,
				E002B93728A6D65100FBCBDD /* TrainingFlow.swift */,
			);
			path = Navigation;
			sourceTree = "<group>";
		};
		E002B93928A6D66600FBCBDD /* Screens */ = {
			isa = PBXGroup;
			children = (
				E002B93B28A6D67800FBCBDD /* ViewModel */,
				E002B93A28A6D66F00FBCBDD /* Views */,
			);
			path = Screens;
			sourceTree = "<group>";
		};
		E002B93A28A6D66F00FBCBDD /* Views */ = {
			isa = PBXGroup;
			children = (
				F4D62A26289719F50000B690 /* TrainingViewController.swift */,
			);
			path = Views;
			sourceTree = "<group>";
		};
		E002B93B28A6D67800FBCBDD /* ViewModel */ = {
			isa = PBXGroup;
			children = (
				E002B93D28A6D69B00FBCBDD /* TrainingViewModel.swift */,
			);
			path = ViewModel;
			sourceTree = "<group>";
		};
		E002B94128A6DD3000FBCBDD /* Components */ = {
			isa = PBXGroup;
			children = (
				E002B94228A6DD4400FBCBDD /* RXUITools */,
			);
			path = Components;
			sourceTree = "<group>";
		};
		E002B94228A6DD4400FBCBDD /* RXUITools */ = {
			isa = PBXGroup;
			children = (
				E002B94328A6DD5800FBCBDD /* RxViewModelProtocol.swift */,
				E002B94528A6E00900FBCBDD /* RXViewController.swift */,
			);
			path = RXUITools;
			sourceTree = "<group>";
		};
		E00DE06528A2EF3A00C3608C /* Language */ = {
			isa = PBXGroup;
			children = (
				E00DE06628A2EF4200C3608C /* Model */,
				E00DE07328A2F21500C3608C /* LanguagesRepository.swift */,
			);
			path = Language;
			sourceTree = "<group>";
		};
		E00DE06628A2EF4200C3608C /* Model */ = {
			isa = PBXGroup;
			children = (
				E00DE06728A2EF5400C3608C /* Language.swift */,
			);
			path = Model;
			sourceTree = "<group>";
		};
		E00DE06928A2EF8900C3608C /* Mapper */ = {
			isa = PBXGroup;
			children = (
				E00DE06A28A2EFCB00C3608C /* LanguageMapper.swift */,
			);
			path = Mapper;
			sourceTree = "<group>";
		};
		E00DE06C28A2F06500C3608C /* Translation */ = {
			isa = PBXGroup;
			children = (
				E00DE07028A2F14000C3608C /* Mapper */,
				E00DE06D28A2F07300C3608C /* Model */,
			);
			path = Translation;
			sourceTree = "<group>";
		};
		E00DE06D28A2F07300C3608C /* Model */ = {
			isa = PBXGroup;
			children = (
				E00DE06E28A2F0B200C3608C /* TranslationStorageModel.swift */,
			);
			path = Model;
			sourceTree = "<group>";
		};
		E00DE07028A2F14000C3608C /* Mapper */ = {
			isa = PBXGroup;
			children = (
				E00DE07128A2F15900C3608C /* TranslationMapper.swift */,
			);
			path = Mapper;
			sourceTree = "<group>";
		};
		E00DE07528A2F4B700C3608C /* Translation */ = {
			isa = PBXGroup;
			children = (
				E0EAEA23289DA29500F8D918 /* Model */,
				E00DE07728A2F50500C3608C /* TranslationRepository.swift */,
			);
			path = Translation;
			sourceTree = "<group>";
		};
		E00DE07928A2FFA200C3608C /* Dictionary */ = {
			isa = PBXGroup;
			children = (
				E00DE07A28A2FFCC00C3608C /* DictionaryUseCase.swift */,
			);
			path = Dictionary;
			sourceTree = "<group>";
		};
		E00DE07C28A302A100C3608C /* Languages */ = {
			isa = PBXGroup;
			children = (
				E00DE07D28A302B300C3608C /* LanguageUseCase.swift */,
			);
			path = Languages;
			sourceTree = "<group>";
		};
		E0EAE9F9289C4C0800F8D918 /* Data */ = {
			isa = PBXGroup;
			children = (
				E0EAEA3428A1A2C500F8D918 /* Storage */,
				E0EAE9FA289C4C1400F8D918 /* Remoute */,
			);
			path = Data;
			sourceTree = "<group>";
		};
		E0EAE9FA289C4C1400F8D918 /* Remoute */ = {
			isa = PBXGroup;
			children = (
				E0EAE9FB289C4C3700F8D918 /* Translater */,
			);
			path = Remoute;
			sourceTree = "<group>";
		};
		E0EAE9FB289C4C3700F8D918 /* Translater */ = {
			isa = PBXGroup;
			children = (
				E0EAE9FD289C4D9600F8D918 /* Alamofire */,
				E0EAE9FC289C4D7300F8D918 /* Error */,
			);
			path = Translater;
			sourceTree = "<group>";
		};
		E0EAE9FC289C4D7300F8D918 /* Error */ = {
			isa = PBXGroup;
			children = (
				E0EAEA04289C4E9F00F8D918 /* GenericNetworkingError.swift */,
			);
			path = Error;
			sourceTree = "<group>";
		};
		E0EAE9FD289C4D9600F8D918 /* Alamofire */ = {
			isa = PBXGroup;
			children = (
				E0EAEA11289D931E00F8D918 /* Constants */,
				E0EAEA0A289C59E200F8D918 /* Api */,
				E0EAEA09289C59DB00F8D918 /* Model */,
				E0EAEA06289C569800F8D918 /* Error */,
				E0EAEA1B289D9BFF00F8D918 /* AFTranslateApi.swift */,
			);
			path = Alamofire;
			sourceTree = "<group>";
		};
		E0EAEA01289C4E3800F8D918 /* Error */ = {
			isa = PBXGroup;
			children = (
				E0EAEA02289C4E5600F8D918 /* TRError.swift */,
			);
			path = Error;
			sourceTree = "<group>";
		};
		E0EAEA06289C569800F8D918 /* Error */ = {
			isa = PBXGroup;
			children = (
				E0EAEA07289C56AE00F8D918 /* AFErrorMapper.swift */,
			);
			path = Error;
			sourceTree = "<group>";
		};
		E0EAEA09289C59DB00F8D918 /* Model */ = {
			isa = PBXGroup;
			children = (
				E0EAEA0B289D91BA00F8D918 /* TranslateResponse.swift */,
				E0EAEA0D289D91EE00F8D918 /* TranslateParams.swift */,
			);
			path = Model;
			sourceTree = "<group>";
		};
		E0EAEA0A289C59E200F8D918 /* Api */ = {
			isa = PBXGroup;
			children = (
				E0EAEA0F289D92C500F8D918 /* TranslateApi.swift */,
			);
			path = Api;
			sourceTree = "<group>";
		};
		E0EAEA11289D931E00F8D918 /* Constants */ = {
			isa = PBXGroup;
			children = (
				E0EAEA19289D93CB00F8D918 /* WebUrlPath.swift */,
			);
			path = Constants;
			sourceTree = "<group>";
		};
		E0EAEA1D289DA20700F8D918 /* Domain */ = {
			isa = PBXGroup;
			children = (
				E0EAEA1E289DA24F00F8D918 /* UseCases */,
			);
			path = Domain;
			sourceTree = "<group>";
		};
		E0EAEA1E289DA24F00F8D918 /* UseCases */ = {
			isa = PBXGroup;
			children = (
				E00DE07C28A302A100C3608C /* Languages */,
				E00DE07928A2FFA200C3608C /* Dictionary */,
				E0EAEA1F289DA26C00F8D918 /* Remoute */,
			);
			path = UseCases;
			sourceTree = "<group>";
		};
		E0EAEA1F289DA26C00F8D918 /* Remoute */ = {
			isa = PBXGroup;
			children = (
				E0EAEA22289DA28800F8D918 /* Mapper */,
				E0EAEA20289DA28100F8D918 /* TranslaterUseCase.swift */,
			);
			path = Remoute;
			sourceTree = "<group>";
		};
		E0EAEA22289DA28800F8D918 /* Mapper */ = {
			isa = PBXGroup;
			children = (
				E0EAEA26289DA34300F8D918 /* TranslateMapper.swift */,
			);
			path = Mapper;
			sourceTree = "<group>";
		};
		E0EAEA23289DA29500F8D918 /* Model */ = {
			isa = PBXGroup;
			children = (
				E0EAEA24289DA2AB00F8D918 /* TranslationModel.swift */,
			);
			path = Model;
			sourceTree = "<group>";
		};
		E0EAEA2E289DAD5A00F8D918 /* Navigation */ = {
			isa = PBXGroup;
			children = (
				E0EAEA2F289DAD7D00F8D918 /* MainFlow+DI.swift */,
				E0EAEA32289DAD9D00F8D918 /* MainFlow.swift */,
				E002B93F28A6D70300FBCBDD /* MainStep.swift */,
			);
			path = Navigation;
			sourceTree = "<group>";
		};
		E0EAEA3428A1A2C500F8D918 /* Storage */ = {
			isa = PBXGroup;
			children = (
				E00DE06C28A2F06500C3608C /* Translation */,
				E0EAEA3628A1A42300F8D918 /* Common */,
				E0EAEA3528A1A2D100F8D918 /* Language */,
			);
			path = Storage;
			sourceTree = "<group>";
		};
		E0EAEA3528A1A2D100F8D918 /* Language */ = {
			isa = PBXGroup;
			children = (
				E00DE06928A2EF8900C3608C /* Mapper */,
				E0EAEA4E28A1B6E400F8D918 /* Model */,
			);
			path = Language;
			sourceTree = "<group>";
		};
		E0EAEA3628A1A42300F8D918 /* Common */ = {
			isa = PBXGroup;
			children = (
				E0EAEA3828A1A54B00F8D918 /* StorageKeys.swift */,
				E0EAEA4928A1B12B00F8D918 /* DataStorage */,
				E0EAEA4228A1A6E000F8D918 /* Controller */,
				E0EAEA3F28A1A66400F8D918 /* Serialiser */,
				E0EAEA3728A1A42D00F8D918 /* Adapter */,
				E0EAEA3C28A1A61100F8D918 /* UserDefaults */,
			);
			path = Common;
			sourceTree = "<group>";
		};
		E0EAEA3728A1A42D00F8D918 /* Adapter */ = {
			isa = PBXGroup;
			children = (
				E0EAEA3A28A1A5B200F8D918 /* Mapper.swift */,
				E0EAEA5128A1B87800F8D918 /* ObjectBasedAdapter.swift */,
				E0EAEA5328A1BC0F00F8D918 /* FileObjectBasedAdapter.swift */,
			);
			path = Adapter;
			sourceTree = "<group>";
		};
		E0EAEA3C28A1A61100F8D918 /* UserDefaults */ = {
			isa = PBXGroup;
			children = (
				E0EAEA3D28A1A63600F8D918 /* UserDefaultsWrapper.swift */,
			);
			path = UserDefaults;
			sourceTree = "<group>";
		};
		E0EAEA3F28A1A66400F8D918 /* Serialiser */ = {
			isa = PBXGroup;
			children = (
				E0EAEA4028A1A67800F8D918 /* JSONSerialiser.swift */,
			);
			path = Serialiser;
			sourceTree = "<group>";
		};
		E0EAEA4228A1A6E000F8D918 /* Controller */ = {
			isa = PBXGroup;
			children = (
				E0EAEA4328A1A73B00F8D918 /* StorageController.swift */,
			);
			path = Controller;
			sourceTree = "<group>";
		};
		E0EAEA4928A1B12B00F8D918 /* DataStorage */ = {
			isa = PBXGroup;
			children = (
				E0EAEA4A28A1B14100F8D918 /* DataStorage.swift */,
				E0EAEA4C28A1B6B100F8D918 /* FileDataStorage.swift */,
			);
			path = DataStorage;
			sourceTree = "<group>";
		};
		E0EAEA4E28A1B6E400F8D918 /* Model */ = {
			isa = PBXGroup;
			children = (
				E0EAEA4F28A1B72A00F8D918 /* LanguageStorageModel.swift */,
			);
			path = Model;
			sourceTree = "<group>";
		};
		E0EAEA5528A1BD0100F8D918 /* Repository */ = {
			isa = PBXGroup;
			children = (
				E00DE07528A2F4B700C3608C /* Translation */,
				E00DE06528A2EF3A00C3608C /* Language */,
			);
			path = Repository;
			sourceTree = "<group>";
		};
		E18A82482893F86000D2B0BB = {
			isa = PBXGroup;
			children = (
				E18A82532893F86000D2B0BB /* geekbrains-Nagibator3000 */,
				E18A82522893F86000D2B0BB /* Products */,
			);
			sourceTree = "<group>";
		};
		E18A82522893F86000D2B0BB /* Products */ = {
			isa = PBXGroup;
			children = (
				E18A82512893F86000D2B0BB /* geekbrains-Nagibator3000.app */,
			);
			name = Products;
			sourceTree = "<group>";
		};
		E18A82532893F86000D2B0BB /* geekbrains-Nagibator3000 */ = {
			isa = PBXGroup;
			children = (
				F4D62A102896FF6D0000B690 /* App */,
				F4D62A142896FFBC0000B690 /* Resources */,
				F4D62A132896FF9C0000B690 /* Environments */,
			);
			path = "geekbrains-Nagibator3000";
			sourceTree = "<group>";
		};
		F4D62A102896FF6D0000B690 /* App */ = {
			isa = PBXGroup;
			children = (
				E002B8EB28A4435200FBCBDD /* Entity */,
				E0EAEA5528A1BD0100F8D918 /* Repository */,
				E0EAE9F9289C4C0800F8D918 /* Data */,
				F4D62A112896FF760000B690 /* Core */,
				E0EAEA1D289DA20700F8D918 /* Domain */,
				F4D62A172897002D0000B690 /* Flows */,
				E18A82542893F86100D2B0BB /* AppDelegate.swift */,
				E18A82562893F86100D2B0BB /* SceneDelegate.swift */,
			);
			path = App;
			sourceTree = "<group>";
		};
		F4D62A112896FF760000B690 /* Core */ = {
			isa = PBXGroup;
			children = (
				F4D62A122896FF860000B690 /* Utils&Helpers */,
				E0EAEA01289C4E3800F8D918 /* Error */,
			);
			path = Core;
			sourceTree = "<group>";
		};
		F4D62A122896FF860000B690 /* Utils&Helpers */ = {
			isa = PBXGroup;
			children = (
				F4D82C59289998D700FFFFA7 /* String+Ext.swift */,
				F4D82C5F2899B1D400FFFFA7 /* UIViewController+Ext.swift */,
				F4D82C6F289D9EC700FFFFA7 /* Reusable.swift */,
				F4A5B37328A1A20D00D0293E /* CustomTextView.swift */,
				F4A5B37728A5A08100D0293E /* Locale+Ext.swift */,
				F4F3124528A6DDEC00FE1F20 /* CustomActionsView.swift */,
				E002B94928A6F2A300FBCBDD /*  UINavigationItem+Ext.swift */,
			);
			path = "Utils&Helpers";
			sourceTree = "<group>";
		};
		F4D62A132896FF9C0000B690 /* Environments */ = {
			isa = PBXGroup;
			children = (
				E18A82622893F86400D2B0BB /* Info.plist */,
				F4A5B37528A58C9300D0293E /* YandexService-Info.plist */,
			);
			path = Environments;
			sourceTree = "<group>";
		};
		F4D62A142896FFBC0000B690 /* Resources */ = {
			isa = PBXGroup;
			children = (
				E18A825A2893F86100D2B0BB /* Main.storyboard */,
				E18A825D2893F86400D2B0BB /* Assets.xcassets */,
				E18A825F2893F86400D2B0BB /* LaunchScreen.storyboard */,
				F4D62A1D289710C90000B690 /* ColorScheme.swift */,
				F4D62A2E2897210D0000B690 /* Localizable.strings */,
				F4D82C7A289DB64400FFFFA7 /* languages.json */,
			);
			path = Resources;
			sourceTree = "<group>";
		};
		F4D62A172897002D0000B690 /* Flows */ = {
			isa = PBXGroup;
			children = (
				E002B94128A6DD3000FBCBDD /* Components */,
				F4D62A18289700440000B690 /* Welcome */,
				F4D62A19289700770000B690 /* MainTab */,
				F4D62A1F289719590000B690 /* Translate */,
				F4D62A20289719680000B690 /* Dictionary */,
				F4D62A21289719710000B690 /* Training */,
			);
			path = Flows;
			sourceTree = "<group>";
		};
		F4D62A18289700440000B690 /* Welcome */ = {
			isa = PBXGroup;
			children = (
				E002B91628A6992100FBCBDD /* Screens */,
				E002B91128A698A100FBCBDD /* Navigation */,
			);
			path = Welcome;
			sourceTree = "<group>";
		};
		F4D62A19289700770000B690 /* MainTab */ = {
			isa = PBXGroup;
			children = (
				E0EAEA2E289DAD5A00F8D918 /* Navigation */,
				E18A82682893F9BD00D2B0BB /* MainTabBarViewController.swift */,
			);
			path = MainTab;
			sourceTree = "<group>";
		};
		F4D62A1F289719590000B690 /* Translate */ = {
			isa = PBXGroup;
			children = (
				E002B92028A6D33D00FBCBDD /* Screens */,
				E002B91E28A6D30E00FBCBDD /* Navigation */,
			);
			path = Translate;
			sourceTree = "<group>";
		};
		F4D62A20289719680000B690 /* Dictionary */ = {
			isa = PBXGroup;
			children = (
				E002B92B28A6D42600FBCBDD /* Navigation */,
				E002B92A28A6D41E00FBCBDD /* Screens */,
			);
			path = Dictionary;
			sourceTree = "<group>";
		};
		F4D62A21289719710000B690 /* Training */ = {
			isa = PBXGroup;
			children = (
				E002B93928A6D66600FBCBDD /* Screens */,
				E002B93428A6D5DE00FBCBDD /* Navigation */,
			);
			path = Training;
			sourceTree = "<group>";
		};
		F4D82C6C289D9A4400FFFFA7 /* SelectLanguage */ = {
			isa = PBXGroup;
			children = (
				F4D82C77289DA8B900FFFFA7 /* ViewModels */,
				F4D82C76289DA8AE00FFFFA7 /* Views */,
			);
			path = SelectLanguage;
			sourceTree = "<group>";
		};
		F4D82C76289DA8AE00FFFFA7 /* Views */ = {
			isa = PBXGroup;
			children = (
				F4D82C6D289D9D5800FFFFA7 /* SelectLanguageViewController.swift */,
				F4D82C71289DA31700FFFFA7 /* SelectLanguageCell.swift */,
			);
			path = Views;
			sourceTree = "<group>";
		};
		F4D82C77289DA8B900FFFFA7 /* ViewModels */ = {
			isa = PBXGroup;
			children = (
				F4D82C78289DA90900FFFFA7 /* SelectLanguageViewModel.swift */,
				F4D82C74289DA45600FFFFA7 /* SelectLanguageCellModel.swift */,
			);
			path = ViewModels;
			sourceTree = "<group>";
		};
/* End PBXGroup section */

/* Begin PBXNativeTarget section */
		E18A82502893F86000D2B0BB /* geekbrains-Nagibator3000 */ = {
			isa = PBXNativeTarget;
			buildConfigurationList = E18A82652893F86400D2B0BB /* Build configuration list for PBXNativeTarget "geekbrains-Nagibator3000" */;
			buildPhases = (
				E18A824D2893F86000D2B0BB /* Sources */,
				E18A824E2893F86000D2B0BB /* Frameworks */,
				E18A824F2893F86000D2B0BB /* Resources */,
			);
			buildRules = (
			);
			dependencies = (
			);
			name = "geekbrains-Nagibator3000";
			packageProductDependencies = (
				F4FE6CA928A07B6D005D6DDF /* Alamofire */,
				F4FE6CAC28A07B8B005D6DDF /* RxCocoa */,
				F4FE6CAE28A07B8B005D6DDF /* RxSwift */,
				F4FE6CB128A07BB7005D6DDF /* PinLayout */,
				F4FE6CB428A07BDB005D6DDF /* Lottie */,
				F4FE6CB728A07C05005D6DDF /* Swinject */,
				E002B91C28A69A7200FBCBDD /* RxFlow */,
				F44FFB5828AC5C5900200E63 /* Differentiator */,
				F44FFB5A28AC5C5900200E63 /* RxDataSources */,
			);
			productName = "geekbrains-Nagibator3000";
			productReference = E18A82512893F86000D2B0BB /* geekbrains-Nagibator3000.app */;
			productType = "com.apple.product-type.application";
		};
/* End PBXNativeTarget section */

/* Begin PBXProject section */
		E18A82492893F86000D2B0BB /* Project object */ = {
			isa = PBXProject;
			attributes = {
				BuildIndependentTargetsInParallel = 1;
				LastSwiftUpdateCheck = 1340;
				LastUpgradeCheck = 1340;
				TargetAttributes = {
					E18A82502893F86000D2B0BB = {
						CreatedOnToolsVersion = 13.4.1;
					};
				};
			};
			buildConfigurationList = E18A824C2893F86000D2B0BB /* Build configuration list for PBXProject "geekbrains-Nagibator3000" */;
			compatibilityVersion = "Xcode 13.0";
			developmentRegion = en;
			hasScannedForEncodings = 0;
			knownRegions = (
				en,
				Base,
				ru,
			);
			mainGroup = E18A82482893F86000D2B0BB;
			packageReferences = (
				F4FE6CA828A07B6D005D6DDF /* XCRemoteSwiftPackageReference "Alamofire" */,
				F4FE6CAB28A07B8B005D6DDF /* XCRemoteSwiftPackageReference "RxSwift" */,
				F4FE6CB028A07BB7005D6DDF /* XCRemoteSwiftPackageReference "PinLayout" */,
				F4FE6CB328A07BDB005D6DDF /* XCRemoteSwiftPackageReference "lottie-ios" */,
				F4FE6CB628A07C05005D6DDF /* XCRemoteSwiftPackageReference "Swinject" */,
				E002B91B28A69A7200FBCBDD /* XCRemoteSwiftPackageReference "RxFlow" */,
				F44FFB5728AC5C5900200E63 /* XCRemoteSwiftPackageReference "RxDataSources" */,
			);
			productRefGroup = E18A82522893F86000D2B0BB /* Products */;
			projectDirPath = "";
			projectRoot = "";
			targets = (
				E18A82502893F86000D2B0BB /* geekbrains-Nagibator3000 */,
			);
		};
/* End PBXProject section */

/* Begin PBXResourcesBuildPhase section */
		E18A824F2893F86000D2B0BB /* Resources */ = {
			isa = PBXResourcesBuildPhase;
			buildActionMask = 2147483647;
			files = (
				E18A82612893F86400D2B0BB /* LaunchScreen.storyboard in Resources */,
				F4D82C7B289DB64400FFFFA7 /* languages.json in Resources */,
				F4D62A2C2897210D0000B690 /* Localizable.strings in Resources */,
				E18A825E2893F86400D2B0BB /* Assets.xcassets in Resources */,
				E18A825C2893F86100D2B0BB /* Main.storyboard in Resources */,
				F4A5B37628A58C9300D0293E /* YandexService-Info.plist in Resources */,
			);
			runOnlyForDeploymentPostprocessing = 0;
		};
/* End PBXResourcesBuildPhase section */

/* Begin PBXSourcesBuildPhase section */
		E18A824D2893F86000D2B0BB /* Sources */ = {
			isa = PBXSourcesBuildPhase;
			buildActionMask = 2147483647;
			files = (
				E002B94028A6D70300FBCBDD /* MainStep.swift in Sources */,
				F4E6040D28B023DA002A4FE8 /* TranslationSectionModel.swift in Sources */,
				F4D82C72289DA31700FFFFA7 /* SelectLanguageCell.swift in Sources */,
				E0EAEA1C289D9BFF00F8D918 /* AFTranslateApi.swift in Sources */,
				E002B94428A6DD5800FBCBDD /* RxViewModelProtocol.swift in Sources */,
				F4D82C5A289998D700FFFFA7 /* String+Ext.swift in Sources */,
				E0EAEA4B28A1B14100F8D918 /* DataStorage.swift in Sources */,
				E0EAEA5428A1BC0F00F8D918 /* FileObjectBasedAdapter.swift in Sources */,
				E0EAEA3928A1A54B00F8D918 /* StorageKeys.swift in Sources */,
				E00DE07E28A302B300C3608C /* LanguageUseCase.swift in Sources */,
				E002B93E28A6D69B00FBCBDD /* TrainingViewModel.swift in Sources */,
				E0EAEA5028A1B72A00F8D918 /* LanguageStorageModel.swift in Sources */,
				E0EAEA3E28A1A63600F8D918 /* UserDefaultsWrapper.swift in Sources */,
				F4D82C6E289D9D5900FFFFA7 /* SelectLanguageViewController.swift in Sources */,
				E00DE07228A2F15900C3608C /* TranslationMapper.swift in Sources */,
				E18A82592893F86100D2B0BB /* AnimationViewController.swift in Sources */,
				F4D82C602899B1D400FFFFA7 /* UIViewController+Ext.swift in Sources */,
				E002B92928A6D3D000FBCBDD /* TranslateFlow.swift in Sources */,
				F4D62A1E289710C90000B690 /* ColorScheme.swift in Sources */,
				E0EAEA27289DA34300F8D918 /* TranslateMapper.swift in Sources */,
				F4D62A27289719F50000B690 /* TrainingViewController.swift in Sources */,
				F4A5B37428A1A20D00D0293E /* CustomTextView.swift in Sources */,
				F4D82C70289D9EC700FFFFA7 /* Reusable.swift in Sources */,
				E0EAEA25289DA2AB00F8D918 /* TranslationModel.swift in Sources */,
				E0EAEA3B28A1A5B200F8D918 /* Mapper.swift in Sources */,
				E18A82692893F9BD00D2B0BB /* MainTabBarViewController.swift in Sources */,
				F4F3124628A6DDEC00FE1F20 /* CustomActionsView.swift in Sources */,
				E0EAEA21289DA28100F8D918 /* TranslaterUseCase.swift in Sources */,
				E002B94628A6E00900FBCBDD /* RXViewController.swift in Sources */,
				E002B92728A6D39800FBCBDD /* TranslateStep.swift in Sources */,
				E00DE06B28A2EFCB00C3608C /* LanguageMapper.swift in Sources */,
				E00DE07B28A2FFCC00C3608C /* DictionaryUseCase.swift in Sources */,
				E0EAEA0C289D91BA00F8D918 /* TranslateResponse.swift in Sources */,
				E002B94A28A6F2A300FBCBDD /*  UINavigationItem+Ext.swift in Sources */,
				E0EAEA05289C4E9F00F8D918 /* GenericNetworkingError.swift in Sources */,
				E00DE07428A2F21500C3608C /* LanguagesRepository.swift in Sources */,
				E002B93628A6D63100FBCBDD /* TrainingStep.swift in Sources */,
				E00DE06828A2EF5400C3608C /* Language.swift in Sources */,
				E0EAEA4128A1A67800F8D918 /* JSONSerialiser.swift in Sources */,
				E0EAEA4428A1A73B00F8D918 /* StorageController.swift in Sources */,
				E0EAEA30289DAD7D00F8D918 /* MainFlow+DI.swift in Sources */,
				E18A82552893F86100D2B0BB /* AppDelegate.swift in Sources */,
				F49F2FD928A8FD0A00F2D6FC /* DictionaryTableViewCell.swift in Sources */,
				E18A82572893F86100D2B0BB /* SceneDelegate.swift in Sources */,
				E002B93128A6D4EA00FBCBDD /* DictionaryStep.swift in Sources */,
				E0EAEA4D28A1B6B100F8D918 /* FileDataStorage.swift in Sources */,
				E002B93328A6D50B00FBCBDD /* DictionaryFlow.swift in Sources */,
				E0EAEA5228A1B87800F8D918 /* ObjectBasedAdapter.swift in Sources */,
				F4D82C79289DA90900FFFFA7 /* SelectLanguageViewModel.swift in Sources */,
				E0EAEA1A289D93CB00F8D918 /* WebUrlPath.swift in Sources */,
				E0EAEA08289C56AE00F8D918 /* AFErrorMapper.swift in Sources */,
				F4D62A25289719D10000B690 /* DictionaryViewController.swift in Sources */,
				E0EAEA03289C4E5600F8D918 /* TRError.swift in Sources */,
				E002B91328A698CA00FBCBDD /* AnimationFlow.swift in Sources */,
				E00DE07828A2F50500C3608C /* TranslationRepository.swift in Sources */,
				E00DE06F28A2F0B200C3608C /* TranslationStorageModel.swift in Sources */,
				E0EAEA0E289D91EE00F8D918 /* TranslateParams.swift in Sources */,
				E002B92F28A6D45900FBCBDD /* DictionaryViewModel.swift in Sources */,
				F4D62A232897199D0000B690 /* TranslateViewController.swift in Sources */,
				F4D82C75289DA45600FFFFA7 /* SelectLanguageCellModel.swift in Sources */,
				E002B91528A698FB00FBCBDD /* AnimationStep.swift in Sources */,
				F4D82C5C2899A4BE00FFFFA7 /* TranslateViewModel.swift in Sources */,
				E002B8ED28A4435200FBCBDD /* LanguageModel.swift in Sources */,
				E002B91A28A6994C00FBCBDD /* AnimationViewModel.swift in Sources */,
				E0EAEA33289DAD9D00F8D918 /* MainFlow.swift in Sources */,
				E002B93828A6D65100FBCBDD /* TrainingFlow.swift in Sources */,
				E0EAEA10289D92C500F8D918 /* TranslateApi.swift in Sources */,
				F4A5B37828A5A08100D0293E /* Locale+Ext.swift in Sources */,
			);
			runOnlyForDeploymentPostprocessing = 0;
		};
/* End PBXSourcesBuildPhase section */

/* Begin PBXVariantGroup section */
		E18A825A2893F86100D2B0BB /* Main.storyboard */ = {
			isa = PBXVariantGroup;
			children = (
				E18A825B2893F86100D2B0BB /* Base */,
			);
			name = Main.storyboard;
			sourceTree = "<group>";
		};
		E18A825F2893F86400D2B0BB /* LaunchScreen.storyboard */ = {
			isa = PBXVariantGroup;
			children = (
				E18A82602893F86400D2B0BB /* Base */,
			);
			name = LaunchScreen.storyboard;
			sourceTree = "<group>";
		};
		F4D62A2E2897210D0000B690 /* Localizable.strings */ = {
			isa = PBXVariantGroup;
			children = (
				F4D62A2D2897210D0000B690 /* en */,
				F4D62A2F289721270000B690 /* ru */,
			);
			name = Localizable.strings;
			sourceTree = "<group>";
		};
/* End PBXVariantGroup section */

/* Begin XCBuildConfiguration section */
		E18A82632893F86400D2B0BB /* Debug */ = {
			isa = XCBuildConfiguration;
			buildSettings = {
				ALWAYS_SEARCH_USER_PATHS = NO;
				CLANG_ANALYZER_LOCALIZABILITY_NONLOCALIZED = YES;
				CLANG_ANALYZER_NONNULL = YES;
				CLANG_ANALYZER_NUMBER_OBJECT_CONVERSION = YES_AGGRESSIVE;
				CLANG_CXX_LANGUAGE_STANDARD = "gnu++17";
				CLANG_ENABLE_MODULES = YES;
				CLANG_ENABLE_OBJC_ARC = YES;
				CLANG_ENABLE_OBJC_WEAK = YES;
				CLANG_WARN_BLOCK_CAPTURE_AUTORELEASING = YES;
				CLANG_WARN_BOOL_CONVERSION = YES;
				CLANG_WARN_COMMA = YES;
				CLANG_WARN_CONSTANT_CONVERSION = YES;
				CLANG_WARN_DEPRECATED_OBJC_IMPLEMENTATIONS = YES;
				CLANG_WARN_DIRECT_OBJC_ISA_USAGE = YES_ERROR;
				CLANG_WARN_DOCUMENTATION_COMMENTS = YES;
				CLANG_WARN_EMPTY_BODY = YES;
				CLANG_WARN_ENUM_CONVERSION = YES;
				CLANG_WARN_INFINITE_RECURSION = YES;
				CLANG_WARN_INT_CONVERSION = YES;
				CLANG_WARN_NON_LITERAL_NULL_CONVERSION = YES;
				CLANG_WARN_OBJC_IMPLICIT_RETAIN_SELF = YES;
				CLANG_WARN_OBJC_LITERAL_CONVERSION = YES;
				CLANG_WARN_OBJC_ROOT_CLASS = YES_ERROR;
				CLANG_WARN_QUOTED_INCLUDE_IN_FRAMEWORK_HEADER = YES;
				CLANG_WARN_RANGE_LOOP_ANALYSIS = YES;
				CLANG_WARN_STRICT_PROTOTYPES = YES;
				CLANG_WARN_SUSPICIOUS_MOVE = YES;
				CLANG_WARN_UNGUARDED_AVAILABILITY = YES_AGGRESSIVE;
				CLANG_WARN_UNREACHABLE_CODE = YES;
				CLANG_WARN__DUPLICATE_METHOD_MATCH = YES;
				COPY_PHASE_STRIP = NO;
				DEBUG_INFORMATION_FORMAT = dwarf;
				ENABLE_STRICT_OBJC_MSGSEND = YES;
				ENABLE_TESTABILITY = YES;
				GCC_C_LANGUAGE_STANDARD = gnu11;
				GCC_DYNAMIC_NO_PIC = NO;
				GCC_NO_COMMON_BLOCKS = YES;
				GCC_OPTIMIZATION_LEVEL = 0;
				GCC_PREPROCESSOR_DEFINITIONS = (
					"DEBUG=1",
					"$(inherited)",
				);
				GCC_WARN_64_TO_32_BIT_CONVERSION = YES;
				GCC_WARN_ABOUT_RETURN_TYPE = YES_ERROR;
				GCC_WARN_UNDECLARED_SELECTOR = YES;
				GCC_WARN_UNINITIALIZED_AUTOS = YES_AGGRESSIVE;
				GCC_WARN_UNUSED_FUNCTION = YES;
				GCC_WARN_UNUSED_VARIABLE = YES;
				INFOPLIST_FILE = "Environments\\";
				IPHONEOS_DEPLOYMENT_TARGET = 15.0;
				MTL_ENABLE_DEBUG_INFO = INCLUDE_SOURCE;
				MTL_FAST_MATH = YES;
				ONLY_ACTIVE_ARCH = YES;
				SDKROOT = iphoneos;
				SWIFT_ACTIVE_COMPILATION_CONDITIONS = DEBUG;
				SWIFT_OPTIMIZATION_LEVEL = "-Onone";
			};
			name = Debug;
		};
		E18A82642893F86400D2B0BB /* Release */ = {
			isa = XCBuildConfiguration;
			buildSettings = {
				ALWAYS_SEARCH_USER_PATHS = NO;
				CLANG_ANALYZER_LOCALIZABILITY_NONLOCALIZED = YES;
				CLANG_ANALYZER_NONNULL = YES;
				CLANG_ANALYZER_NUMBER_OBJECT_CONVERSION = YES_AGGRESSIVE;
				CLANG_CXX_LANGUAGE_STANDARD = "gnu++17";
				CLANG_ENABLE_MODULES = YES;
				CLANG_ENABLE_OBJC_ARC = YES;
				CLANG_ENABLE_OBJC_WEAK = YES;
				CLANG_WARN_BLOCK_CAPTURE_AUTORELEASING = YES;
				CLANG_WARN_BOOL_CONVERSION = YES;
				CLANG_WARN_COMMA = YES;
				CLANG_WARN_CONSTANT_CONVERSION = YES;
				CLANG_WARN_DEPRECATED_OBJC_IMPLEMENTATIONS = YES;
				CLANG_WARN_DIRECT_OBJC_ISA_USAGE = YES_ERROR;
				CLANG_WARN_DOCUMENTATION_COMMENTS = YES;
				CLANG_WARN_EMPTY_BODY = YES;
				CLANG_WARN_ENUM_CONVERSION = YES;
				CLANG_WARN_INFINITE_RECURSION = YES;
				CLANG_WARN_INT_CONVERSION = YES;
				CLANG_WARN_NON_LITERAL_NULL_CONVERSION = YES;
				CLANG_WARN_OBJC_IMPLICIT_RETAIN_SELF = YES;
				CLANG_WARN_OBJC_LITERAL_CONVERSION = YES;
				CLANG_WARN_OBJC_ROOT_CLASS = YES_ERROR;
				CLANG_WARN_QUOTED_INCLUDE_IN_FRAMEWORK_HEADER = YES;
				CLANG_WARN_RANGE_LOOP_ANALYSIS = YES;
				CLANG_WARN_STRICT_PROTOTYPES = YES;
				CLANG_WARN_SUSPICIOUS_MOVE = YES;
				CLANG_WARN_UNGUARDED_AVAILABILITY = YES_AGGRESSIVE;
				CLANG_WARN_UNREACHABLE_CODE = YES;
				CLANG_WARN__DUPLICATE_METHOD_MATCH = YES;
				COPY_PHASE_STRIP = NO;
				DEBUG_INFORMATION_FORMAT = "dwarf-with-dsym";
				ENABLE_NS_ASSERTIONS = NO;
				ENABLE_STRICT_OBJC_MSGSEND = YES;
				GCC_C_LANGUAGE_STANDARD = gnu11;
				GCC_NO_COMMON_BLOCKS = YES;
				GCC_WARN_64_TO_32_BIT_CONVERSION = YES;
				GCC_WARN_ABOUT_RETURN_TYPE = YES_ERROR;
				GCC_WARN_UNDECLARED_SELECTOR = YES;
				GCC_WARN_UNINITIALIZED_AUTOS = YES_AGGRESSIVE;
				GCC_WARN_UNUSED_FUNCTION = YES;
				GCC_WARN_UNUSED_VARIABLE = YES;
				INFOPLIST_FILE = "Environments\\";
				IPHONEOS_DEPLOYMENT_TARGET = 15.0;
				MTL_ENABLE_DEBUG_INFO = NO;
				MTL_FAST_MATH = YES;
				SDKROOT = iphoneos;
				SWIFT_COMPILATION_MODE = wholemodule;
				SWIFT_OPTIMIZATION_LEVEL = "-O";
				VALIDATE_PRODUCT = YES;
			};
			name = Release;
		};
		E18A82662893F86400D2B0BB /* Debug */ = {
			isa = XCBuildConfiguration;
			buildSettings = {
				ASSETCATALOG_COMPILER_APPICON_NAME = AppIcon;
				ASSETCATALOG_COMPILER_GLOBAL_ACCENT_COLOR_NAME = AccentColor;
				CODE_SIGN_STYLE = Automatic;
				CURRENT_PROJECT_VERSION = 1;
				GENERATE_INFOPLIST_FILE = YES;
				INFOPLIST_FILE = "geekbrains-Nagibator3000/Environments/Info.plist";
				INFOPLIST_KEY_UIApplicationSupportsIndirectInputEvents = YES;
				INFOPLIST_KEY_UILaunchStoryboardName = LaunchScreen;
				INFOPLIST_KEY_UIMainStoryboardFile = Main;
				INFOPLIST_KEY_UISupportedInterfaceOrientations = UIInterfaceOrientationPortrait;
				INFOPLIST_KEY_UISupportedInterfaceOrientations_iPad = "UIInterfaceOrientationPortrait UIInterfaceOrientationPortraitUpsideDown UIInterfaceOrientationLandscapeLeft UIInterfaceOrientationLandscapeRight";
				INFOPLIST_KEY_UISupportedInterfaceOrientations_iPhone = "UIInterfaceOrientationPortrait UIInterfaceOrientationLandscapeLeft UIInterfaceOrientationLandscapeRight";
				IPHONEOS_DEPLOYMENT_TARGET = 15.0;
				LD_RUNPATH_SEARCH_PATHS = (
					"$(inherited)",
					"@executable_path/Frameworks",
				);
				MARKETING_VERSION = 1.0;
				PRODUCT_BUNDLE_IDENTIFIER = "Konstantin-Kamenchukov.geekbrains-Nagibator3000";
				PRODUCT_NAME = "$(TARGET_NAME)";
				SWIFT_EMIT_LOC_STRINGS = YES;
				SWIFT_VERSION = 5.0;
				TARGETED_DEVICE_FAMILY = 1;
			};
			name = Debug;
		};
		E18A82672893F86400D2B0BB /* Release */ = {
			isa = XCBuildConfiguration;
			buildSettings = {
				ASSETCATALOG_COMPILER_APPICON_NAME = AppIcon;
				ASSETCATALOG_COMPILER_GLOBAL_ACCENT_COLOR_NAME = AccentColor;
				CODE_SIGN_STYLE = Automatic;
				CURRENT_PROJECT_VERSION = 1;
				GENERATE_INFOPLIST_FILE = YES;
				INFOPLIST_FILE = "geekbrains-Nagibator3000/Environments/Info.plist";
				INFOPLIST_KEY_UIApplicationSupportsIndirectInputEvents = YES;
				INFOPLIST_KEY_UILaunchStoryboardName = LaunchScreen;
				INFOPLIST_KEY_UIMainStoryboardFile = Main;
				INFOPLIST_KEY_UISupportedInterfaceOrientations = UIInterfaceOrientationPortrait;
				INFOPLIST_KEY_UISupportedInterfaceOrientations_iPad = "UIInterfaceOrientationPortrait UIInterfaceOrientationPortraitUpsideDown UIInterfaceOrientationLandscapeLeft UIInterfaceOrientationLandscapeRight";
				INFOPLIST_KEY_UISupportedInterfaceOrientations_iPhone = "UIInterfaceOrientationPortrait UIInterfaceOrientationLandscapeLeft UIInterfaceOrientationLandscapeRight";
				IPHONEOS_DEPLOYMENT_TARGET = 15.0;
				LD_RUNPATH_SEARCH_PATHS = (
					"$(inherited)",
					"@executable_path/Frameworks",
				);
				MARKETING_VERSION = 1.0;
				PRODUCT_BUNDLE_IDENTIFIER = "Konstantin-Kamenchukov.geekbrains-Nagibator3000";
				PRODUCT_NAME = "$(TARGET_NAME)";
				SWIFT_EMIT_LOC_STRINGS = YES;
				SWIFT_VERSION = 5.0;
				TARGETED_DEVICE_FAMILY = 1;
			};
			name = Release;
		};
/* End XCBuildConfiguration section */

/* Begin XCConfigurationList section */
		E18A824C2893F86000D2B0BB /* Build configuration list for PBXProject "geekbrains-Nagibator3000" */ = {
			isa = XCConfigurationList;
			buildConfigurations = (
				E18A82632893F86400D2B0BB /* Debug */,
				E18A82642893F86400D2B0BB /* Release */,
			);
			defaultConfigurationIsVisible = 0;
			defaultConfigurationName = Release;
		};
		E18A82652893F86400D2B0BB /* Build configuration list for PBXNativeTarget "geekbrains-Nagibator3000" */ = {
			isa = XCConfigurationList;
			buildConfigurations = (
				E18A82662893F86400D2B0BB /* Debug */,
				E18A82672893F86400D2B0BB /* Release */,
			);
			defaultConfigurationIsVisible = 0;
			defaultConfigurationName = Release;
		};
/* End XCConfigurationList section */

/* Begin XCRemoteSwiftPackageReference section */
		E002B91B28A69A7200FBCBDD /* XCRemoteSwiftPackageReference "RxFlow" */ = {
			isa = XCRemoteSwiftPackageReference;
			repositoryURL = "https://github.com/RxSwiftCommunity/RxFlow.git";
			requirement = {
				branch = main;
				kind = branch;
			};
		};
		F44FFB5728AC5C5900200E63 /* XCRemoteSwiftPackageReference "RxDataSources" */ = {
			isa = XCRemoteSwiftPackageReference;
			repositoryURL = "https://github.com/RxSwiftCommunity/RxDataSources.git";
			requirement = {
				branch = main;
				kind = branch;
			};
		};
		F4FE6CA828A07B6D005D6DDF /* XCRemoteSwiftPackageReference "Alamofire" */ = {
			isa = XCRemoteSwiftPackageReference;
			repositoryURL = "https://github.com/Alamofire/Alamofire.git";
			requirement = {
				branch = master;
				kind = branch;
			};
		};
		F4FE6CAB28A07B8B005D6DDF /* XCRemoteSwiftPackageReference "RxSwift" */ = {
			isa = XCRemoteSwiftPackageReference;
			repositoryURL = "https://github.com/ReactiveX/RxSwift.git";
			requirement = {
				branch = main;
				kind = branch;
			};
		};
		F4FE6CB028A07BB7005D6DDF /* XCRemoteSwiftPackageReference "PinLayout" */ = {
			isa = XCRemoteSwiftPackageReference;
			repositoryURL = "https://github.com/layoutBox/PinLayout.git";
			requirement = {
				branch = master;
				kind = branch;
			};
		};
		F4FE6CB328A07BDB005D6DDF /* XCRemoteSwiftPackageReference "lottie-ios" */ = {
			isa = XCRemoteSwiftPackageReference;
			repositoryURL = "https://github.com/airbnb/lottie-ios.git";
			requirement = {
				branch = master;
				kind = branch;
			};
		};
		F4FE6CB628A07C05005D6DDF /* XCRemoteSwiftPackageReference "Swinject" */ = {
			isa = XCRemoteSwiftPackageReference;
			repositoryURL = "https://github.com/Swinject/Swinject.git";
			requirement = {
				branch = master;
				kind = branch;
			};
		};
/* End XCRemoteSwiftPackageReference section */

/* Begin XCSwiftPackageProductDependency section */
		E002B91C28A69A7200FBCBDD /* RxFlow */ = {
			isa = XCSwiftPackageProductDependency;
			package = E002B91B28A69A7200FBCBDD /* XCRemoteSwiftPackageReference "RxFlow" */;
			productName = RxFlow;
		};
		F44FFB5828AC5C5900200E63 /* Differentiator */ = {
			isa = XCSwiftPackageProductDependency;
			package = F44FFB5728AC5C5900200E63 /* XCRemoteSwiftPackageReference "RxDataSources" */;
			productName = Differentiator;
		};
		F44FFB5A28AC5C5900200E63 /* RxDataSources */ = {
			isa = XCSwiftPackageProductDependency;
			package = F44FFB5728AC5C5900200E63 /* XCRemoteSwiftPackageReference "RxDataSources" */;
			productName = RxDataSources;
		};
		F4FE6CA928A07B6D005D6DDF /* Alamofire */ = {
			isa = XCSwiftPackageProductDependency;
			package = F4FE6CA828A07B6D005D6DDF /* XCRemoteSwiftPackageReference "Alamofire" */;
			productName = Alamofire;
		};
		F4FE6CAC28A07B8B005D6DDF /* RxCocoa */ = {
			isa = XCSwiftPackageProductDependency;
			package = F4FE6CAB28A07B8B005D6DDF /* XCRemoteSwiftPackageReference "RxSwift" */;
			productName = RxCocoa;
		};
		F4FE6CAE28A07B8B005D6DDF /* RxSwift */ = {
			isa = XCSwiftPackageProductDependency;
			package = F4FE6CAB28A07B8B005D6DDF /* XCRemoteSwiftPackageReference "RxSwift" */;
			productName = RxSwift;
		};
		F4FE6CB128A07BB7005D6DDF /* PinLayout */ = {
			isa = XCSwiftPackageProductDependency;
			package = F4FE6CB028A07BB7005D6DDF /* XCRemoteSwiftPackageReference "PinLayout" */;
			productName = PinLayout;
		};
		F4FE6CB428A07BDB005D6DDF /* Lottie */ = {
			isa = XCSwiftPackageProductDependency;
			package = F4FE6CB328A07BDB005D6DDF /* XCRemoteSwiftPackageReference "lottie-ios" */;
			productName = Lottie;
		};
		F4FE6CB728A07C05005D6DDF /* Swinject */ = {
			isa = XCSwiftPackageProductDependency;
			package = F4FE6CB628A07C05005D6DDF /* XCRemoteSwiftPackageReference "Swinject" */;
			productName = Swinject;
		};
/* End XCSwiftPackageProductDependency section */
	};
	rootObject = E18A82492893F86000D2B0BB /* Project object */;
}
